
Microsoft Visual Studio Solution File, Format Version 12.00
# Visual Studio 15
VisualStudioVersion = 15.0.28307.779
MinimumVisualStudioVersion = 10.0.40219.1
Project("{9A19103F-16F7-4668-BE54-9A1E7A4F7556}") = "ONS.Sager.Calculo.API", "Server\ONS.Sager.Calculo.API\ONS.Sager.Calculo.API.csproj", "{F4108CB5-E431-4469-A2FF-7531DC67FCCC}"
EndProject
Project("{2150E333-8FDC-42A3-9474-1A3956D46DE8}") = "0 - API", "0 - API", "{502CD5F4-BDD4-4532-95EF-842A077A9601}"
EndProject
Project("{2150E333-8FDC-42A3-9474-1A3956D46DE8}") = "1 - Domain", "1 - Domain", "{6D2A9A0C-8B2E-425D-BE7E-5B04F481B69D}"
EndProject
Project("{2150E333-8FDC-42A3-9474-1A3956D46DE8}") = "2 - Data Access", "2 - Data Access", "{B58EF707-C0EF-44CF-BDAA-8BEBAF206299}"
EndProject
Project("{2150E333-8FDC-42A3-9474-1A3956D46DE8}") = "X - Cross-Cutting", "X - Cross-Cutting", "{35B07C3E-B5E2-44A6-BC49-7EAA01A90DFE}"
EndProject
Project("{9A19103F-16F7-4668-BE54-9A1E7A4F7556}") = "ONS.Sager.Calculo.Core", "Server\Template.Core\ONS.Sager.Calculo.Core.csproj", "{F93B171F-FEA5-45F4-B28D-6A1217CE5BE1}"
EndProject
Project("{2150E333-8FDC-42A3-9474-1A3956D46DE8}") = "Server", "Server", "{3508F99D-A8A7-4CC8-A023-122A1BCC6EE5}"
EndProject
Project("{2150E333-8FDC-42A3-9474-1A3956D46DE8}") = "Docs", "Docs", "{9701356F-3574-4314-830D-B7495541208C}"
EndProject
Project("{2150E333-8FDC-42A3-9474-1A3956D46DE8}") = "Test", "Test", "{F6695A4D-9D3F-4E3F-A80F-02131C0EE547}"
EndProject
Project("{9A19103F-16F7-4668-BE54-9A1E7A4F7556}") = "ONS.SAGER.Calculo.Business.Impl", "Server\ONS.SAGER.Calculo.Business\ONS.SAGER.Calculo.Business.Impl.csproj", "{7B33841A-D4FB-4309-A092-7D502B5ABCC3}"
EndProject
Project("{9A19103F-16F7-4668-BE54-9A1E7A4F7556}") = "ONS.SAGER.Calculo.Business.Interfaces", "Server\ONS.SAGER.Calculo.Business.Interfaces\ONS.SAGER.Calculo.Business.Interfaces.csproj", "{4D8FAB4A-C976-4E7A-9AA0-2EE331F4204A}"
EndProject
Project("{9A19103F-16F7-4668-BE54-9A1E7A4F7556}") = "ONS.SAGER.Calculo.Business.Models", "Server\ONS.SAGER.Calculo.Business.Models\ONS.SAGER.Calculo.Business.Models.csproj", "{7788B464-6178-4311-9E97-74442304FFB2}"
EndProject
Project("{9A19103F-16F7-4668-BE54-9A1E7A4F7556}") = "ONS.SAGER.DataAccess", "Server\ONS.SAGER.DataAccess\ONS.SAGER.DataAccess.csproj", "{F76DFAB4-8EE0-4918-8554-7880703B2576}"
EndProject
Project("{9A19103F-16F7-4668-BE54-9A1E7A4F7556}") = "ONS.SAGER.Calculo.IntegrationTests", "Server\ONS.SAGER.Calculo.IntegrationTests\ONS.SAGER.Calculo.IntegrationTests.csproj", "{A5CD8423-7F5C-4A60-A2CD-66EDE5BC9E19}"
EndProject
Project("{9A19103F-16F7-4668-BE54-9A1E7A4F7556}") = "ONS.SAGER.Calculo.UnitTests", "Server\ONS.SAGER.Calculo.UnitTests\ONS.SAGER.Calculo.UnitTests.csproj", "{6D5DD09F-C648-44D1-BC55-8E1E3A7AAACD}"
EndProject
Project("{2150E333-8FDC-42A3-9474-1A3956D46DE8}") = "Automated Tests", "Automated Tests", "{D8A752A1-6942-47AF-9F88-ACBE69ED6B1F}"
EndProject
Project("{9A19103F-16F7-4668-BE54-9A1E7A4F7556}") = "ONS.SAGER.Calculo.AutomationTest", "ONS.SAGER.Calculo.AutomationTest\ONS.SAGER.Calculo.AutomationTest.csproj", "{6F2E8712-7A8D-4B4E-B9D2-CC6AA8565351}"
EndProject
Project("{FAE04EC0-301F-11D3-BF4B-00C04F79EFBC}") = "ONS.SAGER.Calculo.AutomatedTest", "ONS.SAGER.Calculo.AutomatedTest\ONS.SAGER.Calculo.AutomatedTest.csproj", "{4FE167CA-E599-47AD-9B5D-1B805A870508}"
EndProject
Global
	GlobalSection(SolutionConfigurationPlatforms) = preSolution
		Debug|Any CPU = Debug|Any CPU
		Release|Any CPU = Release|Any CPU
	EndGlobalSection
	GlobalSection(ProjectConfigurationPlatforms) = postSolution
		{F4108CB5-E431-4469-A2FF-7531DC67FCCC}.Debug|Any CPU.ActiveCfg = Debug|Any CPU
		{F4108CB5-E431-4469-A2FF-7531DC67FCCC}.Debug|Any CPU.Build.0 = Debug|Any CPU
		{F4108CB5-E431-4469-A2FF-7531DC67FCCC}.Release|Any CPU.ActiveCfg = Release|Any CPU
		{F4108CB5-E431-4469-A2FF-7531DC67FCCC}.Release|Any CPU.Build.0 = Release|Any CPU
		{F93B171F-FEA5-45F4-B28D-6A1217CE5BE1}.Debug|Any CPU.ActiveCfg = Debug|Any CPU
		{F93B171F-FEA5-45F4-B28D-6A1217CE5BE1}.Debug|Any CPU.Build.0 = Debug|Any CPU
		{F93B171F-FEA5-45F4-B28D-6A1217CE5BE1}.Release|Any CPU.ActiveCfg = Release|Any CPU
		{F93B171F-FEA5-45F4-B28D-6A1217CE5BE1}.Release|Any CPU.Build.0 = Release|Any CPU
		{7B33841A-D4FB-4309-A092-7D502B5ABCC3}.Debug|Any CPU.ActiveCfg = Debug|Any CPU
		{7B33841A-D4FB-4309-A092-7D502B5ABCC3}.Debug|Any CPU.Build.0 = Debug|Any CPU
		{7B33841A-D4FB-4309-A092-7D502B5ABCC3}.Release|Any CPU.ActiveCfg = Release|Any CPU
		{7B33841A-D4FB-4309-A092-7D502B5ABCC3}.Release|Any CPU.Build.0 = Release|Any CPU
		{4D8FAB4A-C976-4E7A-9AA0-2EE331F4204A}.Debug|Any CPU.ActiveCfg = Debug|Any CPU
		{4D8FAB4A-C976-4E7A-9AA0-2EE331F4204A}.Debug|Any CPU.Build.0 = Debug|Any CPU
		{4D8FAB4A-C976-4E7A-9AA0-2EE331F4204A}.Release|Any CPU.ActiveCfg = Release|Any CPU
		{4D8FAB4A-C976-4E7A-9AA0-2EE331F4204A}.Release|Any CPU.Build.0 = Release|Any CPU
		{7788B464-6178-4311-9E97-74442304FFB2}.Debug|Any CPU.ActiveCfg = Debug|Any CPU
		{7788B464-6178-4311-9E97-74442304FFB2}.Debug|Any CPU.Build.0 = Debug|Any CPU
		{7788B464-6178-4311-9E97-74442304FFB2}.Release|Any CPU.ActiveCfg = Release|Any CPU
		{7788B464-6178-4311-9E97-74442304FFB2}.Release|Any CPU.Build.0 = Release|Any CPU
		{F76DFAB4-8EE0-4918-8554-7880703B2576}.Debug|Any CPU.ActiveCfg = Debug|Any CPU
		{F76DFAB4-8EE0-4918-8554-7880703B2576}.Debug|Any CPU.Build.0 = Debug|Any CPU
		{F76DFAB4-8EE0-4918-8554-7880703B2576}.Release|Any CPU.ActiveCfg = Release|Any CPU
		{F76DFAB4-8EE0-4918-8554-7880703B2576}.Release|Any CPU.Build.0 = Release|Any CPU
		{A5CD8423-7F5C-4A60-A2CD-66EDE5BC9E19}.Debug|Any CPU.ActiveCfg = Debug|Any CPU
		{A5CD8423-7F5C-4A60-A2CD-66EDE5BC9E19}.Debug|Any CPU.Build.0 = Debug|Any CPU
		{A5CD8423-7F5C-4A60-A2CD-66EDE5BC9E19}.Release|Any CPU.ActiveCfg = Release|Any CPU
		{A5CD8423-7F5C-4A60-A2CD-66EDE5BC9E19}.Release|Any CPU.Build.0 = Release|Any CPU
		{6D5DD09F-C648-44D1-BC55-8E1E3A7AAACD}.Debug|Any CPU.ActiveCfg = Debug|Any CPU
		{6D5DD09F-C648-44D1-BC55-8E1E3A7AAACD}.Debug|Any CPU.Build.0 = Debug|Any CPU
		{6D5DD09F-C648-44D1-BC55-8E1E3A7AAACD}.Release|Any CPU.ActiveCfg = Release|Any CPU
		{6D5DD09F-C648-44D1-BC55-8E1E3A7AAACD}.Release|Any CPU.Build.0 = Release|Any CPU
		{6F2E8712-7A8D-4B4E-B9D2-CC6AA8565351}.Debug|Any CPU.ActiveCfg = Debug|Any CPU
		{6F2E8712-7A8D-4B4E-B9D2-CC6AA8565351}.Debug|Any CPU.Build.0 = Debug|Any CPU
		{6F2E8712-7A8D-4B4E-B9D2-CC6AA8565351}.Release|Any CPU.ActiveCfg = Release|Any CPU
		{6F2E8712-7A8D-4B4E-B9D2-CC6AA8565351}.Release|Any CPU.Build.0 = Release|Any CPU
		{4FE167CA-E599-47AD-9B5D-1B805A870508}.Debug|Any CPU.ActiveCfg = Debug|Any CPU
		{4FE167CA-E599-47AD-9B5D-1B805A870508}.Debug|Any CPU.Build.0 = Debug|Any CPU
		{4FE167CA-E599-47AD-9B5D-1B805A870508}.Release|Any CPU.ActiveCfg = Release|Any CPU
		{4FE167CA-E599-47AD-9B5D-1B805A870508}.Release|Any CPU.Build.0 = Release|Any CPU
	EndGlobalSection
	GlobalSection(SolutionProperties) = preSolution
		HideSolutionNode = FALSE
	EndGlobalSection
	GlobalSection(NestedProjects) = preSolution
		{F4108CB5-E431-4469-A2FF-7531DC67FCCC} = {502CD5F4-BDD4-4532-95EF-842A077A9601}
		{502CD5F4-BDD4-4532-95EF-842A077A9601} = {3508F99D-A8A7-4CC8-A023-122A1BCC6EE5}
		{6D2A9A0C-8B2E-425D-BE7E-5B04F481B69D} = {3508F99D-A8A7-4CC8-A023-122A1BCC6EE5}
		{B58EF707-C0EF-44CF-BDAA-8BEBAF206299} = {3508F99D-A8A7-4CC8-A023-122A1BCC6EE5}
		{35B07C3E-B5E2-44A6-BC49-7EAA01A90DFE} = {3508F99D-A8A7-4CC8-A023-122A1BCC6EE5}
		{F93B171F-FEA5-45F4-B28D-6A1217CE5BE1} = {35B07C3E-B5E2-44A6-BC49-7EAA01A90DFE}
		{7B33841A-D4FB-4309-A092-7D502B5ABCC3} = {6D2A9A0C-8B2E-425D-BE7E-5B04F481B69D}
		{4D8FAB4A-C976-4E7A-9AA0-2EE331F4204A} = {6D2A9A0C-8B2E-425D-BE7E-5B04F481B69D}
		{7788B464-6178-4311-9E97-74442304FFB2} = {6D2A9A0C-8B2E-425D-BE7E-5B04F481B69D}
		{F76DFAB4-8EE0-4918-8554-7880703B2576} = {B58EF707-C0EF-44CF-BDAA-8BEBAF206299}
		{A5CD8423-7F5C-4A60-A2CD-66EDE5BC9E19} = {F6695A4D-9D3F-4E3F-A80F-02131C0EE547}
		{6D5DD09F-C648-44D1-BC55-8E1E3A7AAACD} = {F6695A4D-9D3F-4E3F-A80F-02131C0EE547}
		{6F2E8712-7A8D-4B4E-B9D2-CC6AA8565351} = {D8A752A1-6942-47AF-9F88-ACBE69ED6B1F}
		{4FE167CA-E599-47AD-9B5D-1B805A870508} = {D8A752A1-6942-47AF-9F88-ACBE69ED6B1F}
	EndGlobalSection
	GlobalSection(ExtensibilityGlobals) = postSolution
		SolutionGuid = {95AA0E26-F666-4D2E-99AF-557D05C555F1}
	EndGlobalSection
EndGlobal
