
Microsoft Visual Studio Solution File, Format Version 12.00
# Visual Studio 15
VisualStudioVersion = 15.0.28307.779
MinimumVisualStudioVersion = 10.0.40219.1
Project("{2150E333-8FDC-42A3-9474-1A3956D46DE8}") = "Automated Tests", "Automated Tests", "{D8A752A1-6942-47AF-9F88-ACBE69ED6B1F}"
EndProject
Project("{9A19103F-16F7-4668-BE54-9A1E7A4F7556}") = "ONS.SAGER.Calculo.AutomationTest", "ONS.SAGER.Calculo.AutomationTest\ONS.SAGER.Calculo.AutomationTest.csproj", "{6F2E8712-7A8D-4B4E-B9D2-CC6AA8565351}"
EndProject
Project("{9A19103F-16F7-4668-BE54-9A1E7A4F7556}") = "ONS.SAGER.Calculo.AutomatedTest", "ONS.SAGER.Calculo.AutomatedTest\ONS.SAGER.Calculo.AutomatedTest.csproj", "{4FE167CA-E599-47AD-9B5D-1B805A870508}"
EndProject
Global
	GlobalSection(SolutionConfigurationPlatforms) = preSolution
		Debug|Any CPU = Debug|Any CPU
		Release|Any CPU = Release|Any CPU
	EndGlobalSection
	GlobalSection(ProjectConfigurationPlatforms) = postSolution
		{6F2E8712-7A8D-4B4E-B9D2-CC6AA8565351}.Debug|Any CPU.ActiveCfg = Debug|Any CPU
		{6F2E8712-7A8D-4B4E-B9D2-CC6AA8565351}.Debug|Any CPU.Build.0 = Debug|Any CPU
		{6F2E8712-7A8D-4B4E-B9D2-CC6AA8565351}.Release|Any CPU.ActiveCfg = Release|Any CPU
		{6F2E8712-7A8D-4B4E-B9D2-CC6AA8565351}.Release|Any CPU.Build.0 = Release|Any CPU
		{4FE167CA-E599-47AD-9B5D-1B805A870508}.Debug|Any CPU.ActiveCfg = Debug|Any CPU
		{4FE167CA-E599-47AD-9B5D-1B805A870508}.Debug|Any CPU.Build.0 = Debug|Any CPU
		{4FE167CA-E599-47AD-9B5D-1B805A870508}.Release|Any CPU.ActiveCfg = Release|Any CPU
		{4FE167CA-E599-47AD-9B5D-1B805A870508}.Release|Any CPU.Build.0 = Release|Any CPU
	EndGlobalSection
	GlobalSection(SolutionProperties) = preSolution
		HideSolutionNode = FALSE
	EndGlobalSection
	GlobalSection(NestedProjects) = preSolution
		{6F2E8712-7A8D-4B4E-B9D2-CC6AA8565351} = {D8A752A1-6942-47AF-9F88-ACBE69ED6B1F}
		{4FE167CA-E599-47AD-9B5D-1B805A870508} = {D8A752A1-6942-47AF-9F88-ACBE69ED6B1F}
	EndGlobalSection
	GlobalSection(ExtensibilityGlobals) = postSolution
		SolutionGuid = {95AA0E26-F666-4D2E-99AF-557D05C555F1}
	EndGlobalSection
EndGlobal
